// !$*UTF8*$!
{
	archiveVersion = 1;
	classes = {
	};
	objectVersion = 46;
	objects = {

/* Begin PBXBuildFile section */
		C84D2B5C19C68DEE00D55008 /* AppDelegate.swift in Sources */ = {isa = PBXBuildFile; fileRef = C84D2B5B19C68DEE00D55008 /* AppDelegate.swift */; };
		C84D2B5E19C68DEE00D55008 /* ViewController.swift in Sources */ = {isa = PBXBuildFile; fileRef = C84D2B5D19C68DEE00D55008 /* ViewController.swift */; };
		C84D2B6119C68DEE00D55008 /* Main.storyboard in Resources */ = {isa = PBXBuildFile; fileRef = C84D2B5F19C68DEE00D55008 /* Main.storyboard */; };
		C84D2B6319C68DEE00D55008 /* Images.xcassets in Resources */ = {isa = PBXBuildFile; fileRef = C84D2B6219C68DEE00D55008 /* Images.xcassets */; };
		C84D2B6619C68DEE00D55008 /* LaunchScreen.xib in Resources */ = {isa = PBXBuildFile; fileRef = C84D2B6419C68DEE00D55008 /* LaunchScreen.xib */; };
		C84D2B7219C68DEE00D55008 /* AgeOfLaikaTests.swift in Sources */ = {isa = PBXBuildFile; fileRef = C84D2B7119C68DEE00D55008 /* AgeOfLaikaTests.swift */; };
		C84D2B7C19C68F1E00D55008 /* AgeOfLaika.jpg in Resources */ = {isa = PBXBuildFile; fileRef = C84D2B7B19C68F1E00D55008 /* AgeOfLaika.jpg */; };
/* End PBXBuildFile section */

/* Begin PBXContainerItemProxy section */
		C84D2B6C19C68DEE00D55008 /* PBXContainerItemProxy */ = {
			isa = PBXContainerItemProxy;
			containerPortal = C84D2B4E19C68DEE00D55008 /* Project object */;
			proxyType = 1;
			remoteGlobalIDString = C84D2B5519C68DEE00D55008;
			remoteInfo = AgeOfLaika;
		};
/* End PBXContainerItemProxy section */

/* Begin PBXFileReference section */
		C84D2B5619C68DEE00D55008 /* AgeOfLaika.app */ = {isa = PBXFileReference; explicitFileType = wrapper.application; includeInIndex = 0; path = AgeOfLaika.app; sourceTree = BUILT_PRODUCTS_DIR; };
		C84D2B5A19C68DEE00D55008 /* Info.plist */ = {isa = PBXFileReference; lastKnownFileType = text.plist.xml; path = Info.plist; sourceTree = "<group>"; };
		C84D2B5B19C68DEE00D55008 /* AppDelegate.swift */ = {isa = PBXFileReference; lastKnownFileType = sourcecode.swift; path = AppDelegate.swift; sourceTree = "<group>"; };
		C84D2B5D19C68DEE00D55008 /* ViewController.swift */ = {isa = PBXFileReference; lastKnownFileType = sourcecode.swift; path = ViewController.swift; sourceTree = "<group>"; };
		C84D2B6019C68DEE00D55008 /* Base */ = {isa = PBXFileReference; lastKnownFileType = file.storyboard; name = Base; path = Base.lproj/Main.storyboard; sourceTree = "<group>"; };
		C84D2B6219C68DEE00D55008 /* Images.xcassets */ = {isa = PBXFileReference; lastKnownFileType = folder.assetcatalog; path = Images.xcassets; sourceTree = "<group>"; };
		C84D2B6519C68DEE00D55008 /* Base */ = {isa = PBXFileReference; lastKnownFileType = file.xib; name = Base; path = Base.lproj/LaunchScreen.xib; sourceTree = "<group>"; };
		C84D2B6B19C68DEE00D55008 /* AgeOfLaikaTests.xctest */ = {isa = PBXFileReference; explicitFileType = wrapper.cfbundle; includeInIndex = 0; path = AgeOfLaikaTests.xctest; sourceTree = BUILT_PRODUCTS_DIR; };
		C84D2B7019C68DEE00D55008 /* Info.plist */ = {isa = PBXFileReference; lastKnownFileType = text.plist.xml; path = Info.plist; sourceTree = "<group>"; };
		C84D2B7119C68DEE00D55008 /* AgeOfLaikaTests.swift */ = {isa = PBXFileReference; lastKnownFileType = sourcecode.swift; path = AgeOfLaikaTests.swift; sourceTree = "<group>"; };
		C84D2B7B19C68F1E00D55008 /* AgeOfLaika.jpg */ = {isa = PBXFileReference; lastKnownFileType = image.jpeg; path = AgeOfLaika.jpg; sourceTree = "<group>"; };
/* End PBXFileReference section */

/* Begin PBXFrameworksBuildPhase section */
		C84D2B5319C68DEE00D55008 /* Frameworks */ = {
			isa = PBXFrameworksBuildPhase;
			buildActionMask = 2147483647;
			files = (
			);
			runOnlyForDeploymentPostprocessing = 0;
		};
		C84D2B6819C68DEE00D55008 /* Frameworks */ = {
			isa = PBXFrameworksBuildPhase;
			buildActionMask = 2147483647;
			files = (
			);
			runOnlyForDeploymentPostprocessing = 0;
		};
/* End PBXFrameworksBuildPhase section */

/* Begin PBXGroup section */
		C84D2B4D19C68DEE00D55008 = {
			isa = PBXGroup;
			children = (
				C84D2B5819C68DEE00D55008 /* AgeOfLaika */,
				C84D2B6E19C68DEE00D55008 /* AgeOfLaikaTests */,
				C84D2B5719C68DEE00D55008 /* Products */,
			);
			sourceTree = "<group>";
		};
		C84D2B5719C68DEE00D55008 /* Products */ = {
			isa = PBXGroup;
			children = (
				C84D2B5619C68DEE00D55008 /* AgeOfLaika.app */,
				C84D2B6B19C68DEE00D55008 /* AgeOfLaikaTests.xctest */,
			);
			name = Products;
			sourceTree = "<group>";
		};
		C84D2B5819C68DEE00D55008 /* AgeOfLaika */ = {
			isa = PBXGroup;
			children = (
				C84D2B5B19C68DEE00D55008 /* AppDelegate.swift */,
				C84D2B5D19C68DEE00D55008 /* ViewController.swift */,
				C84D2B5F19C68DEE00D55008 /* Main.storyboard */,
				C84D2B6219C68DEE00D55008 /* Images.xcassets */,
				C84D2B6419C68DEE00D55008 /* LaunchScreen.xib */,
				C84D2B5919C68DEE00D55008 /* Supporting Files */,
			);
			path = AgeOfLaika;
			sourceTree = "<group>";
		};
		C84D2B5919C68DEE00D55008 /* Supporting Files */ = {
			isa = PBXGroup;
			children = (
				C84D2B7B19C68F1E00D55008 /* AgeOfLaika.jpg */,
				C84D2B5A19C68DEE00D55008 /* Info.plist */,
			);
			name = "Supporting Files";
			sourceTree = "<group>";
		};
		C84D2B6E19C68DEE00D55008 /* AgeOfLaikaTests */ = {
			isa = PBXGroup;
			children = (
				C84D2B7119C68DEE00D55008 /* AgeOfLaikaTests.swift */,
				C84D2B6F19C68DEE00D55008 /* Supporting Files */,
			);
			path = AgeOfLaikaTests;
			sourceTree = "<group>";
		};
		C84D2B6F19C68DEE00D55008 /* Supporting Files */ = {
			isa = PBXGroup;
			children = (
				C84D2B7019C68DEE00D55008 /* Info.plist */,
			);
			name = "Supporting Files";
			sourceTree = "<group>";
		};
/* End PBXGroup section */

/* Begin PBXNativeTarget section */
		C84D2B5519C68DEE00D55008 /* AgeOfLaika */ = {
			isa = PBXNativeTarget;
			buildConfigurationList = C84D2B7519C68DEE00D55008 /* Build configuration list for PBXNativeTarget "AgeOfLaika" */;
			buildPhases = (
				C84D2B5219C68DEE00D55008 /* Sources */,
				C84D2B5319C68DEE00D55008 /* Frameworks */,
				C84D2B5419C68DEE00D55008 /* Resources */,
			);
			buildRules = (
			);
			dependencies = (
			);
			name = AgeOfLaika;
			productName = AgeOfLaika;
			productReference = C84D2B5619C68DEE00D55008 /* AgeOfLaika.app */;
			productType = "com.apple.product-type.application";
		};
		C84D2B6A19C68DEE00D55008 /* AgeOfLaikaTests */ = {
			isa = PBXNativeTarget;
			buildConfigurationList = C84D2B7819C68DEE00D55008 /* Build configuration list for PBXNativeTarget "AgeOfLaikaTests" */;
			buildPhases = (
				C84D2B6719C68DEE00D55008 /* Sources */,
				C84D2B6819C68DEE00D55008 /* Frameworks */,
				C84D2B6919C68DEE00D55008 /* Resources */,
			);
			buildRules = (
			);
			dependencies = (
				C84D2B6D19C68DEE00D55008 /* PBXTargetDependency */,
			);
			name = AgeOfLaikaTests;
			productName = AgeOfLaikaTests;
			productReference = C84D2B6B19C68DEE00D55008 /* AgeOfLaikaTests.xctest */;
			productType = "com.apple.product-type.bundle.unit-test";
		};
/* End PBXNativeTarget section */

/* Begin PBXProject section */
		C84D2B4E19C68DEE00D55008 /* Project object */ = {
			isa = PBXProject;
			attributes = {
				LastUpgradeCheck = 0600;
				ORGANIZATIONNAME = "Complete iOS 8 with Swift";
				TargetAttributes = {
					C84D2B5519C68DEE00D55008 = {
						CreatedOnToolsVersion = 6.1;
					};
					C84D2B6A19C68DEE00D55008 = {
						CreatedOnToolsVersion = 6.1;
						TestTargetID = C84D2B5519C68DEE00D55008;
					};
				};
			};
			buildConfigurationList = C84D2B5119C68DEE00D55008 /* Build configuration list for PBXProject "AgeOfLaika" */;
			compatibilityVersion = "Xcode 3.2";
			developmentRegion = English;
			hasScannedForEncodings = 0;
			knownRegions = (
				en,
				Base,
			);
			mainGroup = C84D2B4D19C68DEE00D55008;
			productRefGroup = C84D2B5719C68DEE00D55008 /* Products */;
			projectDirPath = "";
			projectRoot = "";
			targets = (
				C84D2B5519C68DEE00D55008 /* AgeOfLaika */,
				C84D2B6A19C68DEE00D55008 /* AgeOfLaikaTests */,
			);
		};
/* End PBXProject section */

/* Begin PBXResourcesBuildPhase section */
		C84D2B5419C68DEE00D55008 /* Resources */ = {
			isa = PBXResourcesBuildPhase;
			buildActionMask = 2147483647;
			files = (
				C84D2B6119C68DEE00D55008 /* Main.storyboard in Resources */,
				C84D2B7C19C68F1E00D55008 /* AgeOfLaika.jpg in Resources */,
				C84D2B6619C68DEE00D55008 /* LaunchScreen.xib in Resources */,
				C84D2B6319C68DEE00D55008 /* Images.xcassets in Resources */,
			);
			runOnlyForDeploymentPostprocessing = 0;
		};
		C84D2B6919C68DEE00D55008 /* Resources */ = {
			isa = PBXResourcesBuildPhase;
			buildActionMask = 2147483647;
			files = (
			);
			runOnlyForDeploymentPostprocessing = 0;
		};
/* End PBXResourcesBuildPhase section */

/* Begin PBXSourcesBuildPhase section */
		C84D2B5219C68DEE00D55008 /* Sources */ = {
			isa = PBXSourcesBuildPhase;
			buildActionMask = 2147483647;
			files = (
				C84D2B5E19C68DEE00D55008 /* ViewController.swift in Sources */,
				C84D2B5C19C68DEE00D55008 /* AppDelegate.swift in Sources */,
			);
			runOnlyForDeploymentPostprocessing = 0;
		};
		C84D2B6719C68DEE00D55008 /* Sources */ = {
			isa = PBXSourcesBuildPhase;
			buildActionMask = 2147483647;
			files = (
				C84D2B7219C68DEE00D55008 /* AgeOfLaikaTests.swift in Sources */,
			);
			runOnlyForDeploymentPostprocessing = 0;
		};
/* End PBXSourcesBuildPhase section */

/* Begin PBXTargetDependency section */
		C84D2B6D19C68DEE00D55008 /* PBXTargetDependency */ = {
			isa = PBXTargetDependency;
			target = C84D2B5519C68DEE00D55008 /* AgeOfLaika */;
			targetProxy = C84D2B6C19C68DEE00D55008 /* PBXContainerItemProxy */;
		};
/* End PBXTargetDependency section */

/* Begin PBXVariantGroup section */
		C84D2B5F19C68DEE00D55008 /* Main.storyboard */ = {
			isa = PBXVariantGroup;
			children = (
				C84D2B6019C68DEE00D55008 /* Base */,
			);
			name = Main.storyboard;
			sourceTree = "<group>";
		};
		C84D2B6419C68DEE00D55008 /* LaunchScreen.xib */ = {
			isa = PBXVariantGroup;
			children = (
				C84D2B6519C68DEE00D55008 /* Base */,
			);
			name = LaunchScreen.xib;
			sourceTree = "<group>";
		};
/* End PBXVariantGroup section */

/* Begin XCBuildConfiguration section */
		C84D2B7319C68DEE00D55008 /* Debug */ = {
			isa = XCBuildConfiguration;
			buildSettings = {
				ALWAYS_SEARCH_USER_PATHS = NO;
				CLANG_CXX_LANGUAGE_STANDARD = "gnu++0x";
				CLANG_CXX_LIBRARY = "libc++";
				CLANG_ENABLE_MODULES = YES;
				CLANG_ENABLE_OBJC_ARC = YES;
				CLANG_WARN_BOOL_CONVERSION = YES;
				CLANG_WARN_CONSTANT_CONVERSION = YES;
				CLANG_WARN_DIRECT_OBJC_ISA_USAGE = YES_ERROR;
				CLANG_WARN_EMPTY_BODY = YES;
				CLANG_WARN_ENUM_CONVERSION = YES;
				CLANG_WARN_INT_CONVERSION = YES;
				CLANG_WARN_OBJC_ROOT_CLASS = YES_ERROR;
				CLANG_WARN_UNREACHABLE_CODE = YES;
				CLANG_WARN__DUPLICATE_METHOD_MATCH = YES;
				"CODE_SIGN_IDENTITY[sdk=iphoneos*]" = "iPhone Developer";
				COPY_PHASE_STRIP = NO;
				ENABLE_STRICT_OBJC_MSGSEND = YES;
				GCC_C_LANGUAGE_STANDARD = gnu99;
				GCC_DYNAMIC_NO_PIC = NO;
				GCC_OPTIMIZATION_LEVEL = 0;
				GCC_PREPROCESSOR_DEFINITIONS = (
					"DEBUG=1",
					"$(inherited)",
				);
				GCC_SYMBOLS_PRIVATE_EXTERN = NO;
				GCC_WARN_64_TO_32_BIT_CONVERSION = YES;
				GCC_WARN_ABOUT_RETURN_TYPE = YES_ERROR;
				GCC_WARN_UNDECLARED_SELECTOR = YES;
				GCC_WARN_UNINITIALIZED_AUTOS = YES_AGGRESSIVE;
				GCC_WARN_UNUSED_FUNCTION = YES;
				GCC_WARN_UNUSED_VARIABLE = YES;
				IPHONEOS_DEPLOYMENT_TARGET = 8.0;
				MTL_ENABLE_DEBUG_INFO = YES;
				ONLY_ACTIVE_ARCH = YES;
				SDKROOT = iphoneos;
				SWIFT_OPTIMIZATION_LEVEL = "-Onone";
			};
			name = Debug;
		};
		C84D2B7419C68DEE00D55008 /* Release */ = {
			isa = XCBuildConfiguration;
			buildSettings = {
				ALWAYS_SEARCH_USER_PATHS = NO;
				CLANG_CXX_LANGUAGE_STANDARD = "gnu++0x";
				CLANG_CXX_LIBRARY = "libc++";
				CLANG_ENABLE_MODULES = YES;
				CLANG_ENABLE_OBJC_ARC = YES;
				CLANG_WARN_BOOL_CONVERSION = YES;
				CLANG_WARN_CONSTANT_CONVERSION = YES;
				CLANG_WARN_DIRECT_OBJC_ISA_USAGE = YES_ERROR;
				CLANG_WARN_EMPTY_BODY = YES;
				CLANG_WARN_ENUM_CONVERSION = YES;
				CLANG_WARN_INT_CONVERSION = YES;
				CLANG_WARN_OBJC_ROOT_CLASS = YES_ERROR;
				CLANG_WARN_UNREACHABLE_CODE = YES;
				CLANG_WARN__DUPLICATE_METHOD_MATCH = YES;
				"CODE_SIGN_IDENTITY[sdk=iphoneos*]" = "iPhone Developer";
				COPY_PHASE_STRIP = YES;
				ENABLE_NS_ASSERTIONS = NO;
				ENABLE_STRICT_OBJC_MSGSEND = YES;
				GCC_C_LANGUAGE_STANDARD = gnu99;
				GCC_WARN_64_TO_32_BIT_CONVERSION = YES;
				GCC_WARN_ABOUT_RETURN_TYPE = YES_ERROR;
				GCC_WARN_UNDECLARED_SELECTOR = YES;
				GCC_WARN_UNINITIALIZED_AUTOS = YES_AGGRESSIVE;
				GCC_WARN_UNUSED_FUNCTION = YES;
				GCC_WARN_UNUSED_VARIABLE = YES;
				IPHONEOS_DEPLOYMENT_TARGET = 8.0;
				MTL_ENABLE_DEBUG_INFO = NO;
				SDKROOT = iphoneos;
				VALIDATE_PRODUCT = YES;
			};
			name = Release;
		};
		C84D2B7619C68DEE00D55008 /* Debug */ = {
			isa = XCBuildConfiguration;
			buildSettings = {
				ASSETCATALOG_COMPILER_APPICON_NAME = AppIcon;
				INFOPLIST_FILE = AgeOfLaika/Info.plist;
				LD_RUNPATH_SEARCH_PATHS = "$(inherited) @executable_path/Frameworks";
				PRODUCT_NAME = "$(TARGET_NAME)";
			};
			name = Debug;
		};
		C84D2B7719C68DEE00D55008 /* Release */ = {
			isa = XCBuildConfiguration;
			buildSettings = {
				ASSETCATALOG_COMPILER_APPICON_NAME = AppIcon;
				INFOPLIST_FILE = AgeOfLaika/Info.plist;
				LD_RUNPATH_SEARCH_PATHS = "$(inherited) @executable_path/Frameworks";
				PRODUCT_NAME = "$(TARGET_NAME)";
			};
			name = Release;
		};
		C84D2B7919C68DEE00D55008 /* Debug */ = {
			isa = XCBuildConfiguration;
			buildSettings = {
				BUNDLE_LOADER = "$(TEST_HOST)";
				FRAMEWORK_SEARCH_PATHS = (
					"$(SDKROOT)/Developer/Library/Frameworks",
					"$(inherited)",
				);
				GCC_PREPROCESSOR_DEFINITIONS = (
					"DEBUG=1",
					"$(inherited)",
				);
				INFOPLIST_FILE = AgeOfLaikaTests/Info.plist;
				LD_RUNPATH_SEARCH_PATHS = "$(inherited) @executable_path/Frameworks @loader_path/Frameworks";
				PRODUCT_NAME = "$(TARGET_NAME)";
				TEST_HOST = "$(BUILT_PRODUCTS_DIR)/AgeOfLaika.app/AgeOfLaika";
			};
			name = Debug;
		};
		C84D2B7A19C68DEE00D55008 /* Release */ = {
			isa = XCBuildConfiguration;
			buildSettings = {
				BUNDLE_LOADER = "$(TEST_HOST)";
				FRAMEWORK_SEARCH_PATHS = (
					"$(SDKROOT)/Developer/Library/Frameworks",
					"$(inherited)",
				);
				INFOPLIST_FILE = AgeOfLaikaTests/Info.plist;
				LD_RUNPATH_SEARCH_PATHS = "$(inherited) @executable_path/Frameworks @loader_path/Frameworks";
				PRODUCT_NAME = "$(TARGET_NAME)";
				TEST_HOST = "$(BUILT_PRODUCTS_DIR)/AgeOfLaika.app/AgeOfLaika";
			};
			name = Release;
		};
/* End XCBuildConfiguration section */

/* Begin XCConfigurationList section */
		C84D2B5119C68DEE00D55008 /* Build configuration list for PBXProject "AgeOfLaika" */ = {
			isa = XCConfigurationList;
			buildConfigurations = (
				C84D2B7319C68DEE00D55008 /* Debug */,
				C84D2B7419C68DEE00D55008 /* Release */,
			);
			defaultConfigurationIsVisible = 0;
			defaultConfigurationName = Release;
		};
		C84D2B7519C68DEE00D55008 /* Build configuration list for PBXNativeTarget "AgeOfLaika" */ = {
			isa = XCConfigurationList;
			buildConfigurations = (
				C84D2B7619C68DEE00D55008 /* Debug */,
				C84D2B7719C68DEE00D55008 /* Release */,
			);
			defaultConfigurationIsVisible = 0;
		};
		C84D2B7819C68DEE00D55008 /* Build configuration list for PBXNativeTarget "AgeOfLaikaTests" */ = {
			isa = XCConfigurationList;
			buildConfigurations = (
				C84D2B7919C68DEE00D55008 /* Debug */,
				C84D2B7A19C68DEE00D55008 /* Release */,
			);
			defaultConfigurationIsVisible = 0;
		};
/* End XCConfigurationList section */
	};
	rootObject = C84D2B4E19C68DEE00D55008 /* Project object */;
}
